
Microsoft Visual Studio Solution File, Format Version 12.00
# Visual Studio Version 16
VisualStudioVersion = 16.0.31129.286
MinimumVisualStudioVersion = 10.0.40219.1
Project("{FAE04EC0-301F-11D3-BF4B-00C04F79EFBC}") = "PaymentAPI", "PaymentAPI\PaymentAPI.csproj", "{4BD1C86A-B75D-4999-8EAE-D05E31BB74F0}"
EndProject
Global
	GlobalSection(SolutionConfigurationPlatforms) = preSolution
		Debug|Any CPU = Debug|Any CPU
		Release|Any CPU = Release|Any CPU
	EndGlobalSection
	GlobalSection(ProjectConfigurationPlatforms) = postSolution
		{4BD1C86A-B75D-4999-8EAE-D05E31BB74F0}.Debug|Any CPU.ActiveCfg = Debug|Any CPU
		{4BD1C86A-B75D-4999-8EAE-D05E31BB74F0}.Debug|Any CPU.Build.0 = Debug|Any CPU
		{4BD1C86A-B75D-4999-8EAE-D05E31BB74F0}.Release|Any CPU.ActiveCfg = Release|Any CPU
		{4BD1C86A-B75D-4999-8EAE-D05E31BB74F0}.Release|Any CPU.Build.0 = Release|Any CPU
	EndGlobalSection
	GlobalSection(SolutionProperties) = preSolution
		HideSolutionNode = FALSE
	EndGlobalSection
	GlobalSection(ExtensibilityGlobals) = postSolution
		SolutionGuid = {1B05B498-372A-45C1-9C6F-519C49C55C52}
	EndGlobalSection
EndGlobal
